
Microsoft Visual Studio Solution File, Format Version 12.00
# Visual Studio 15
VisualStudioVersion = 15.0.28307.960
MinimumVisualStudioVersion = 10.0.40219.1
Project("{FAE04EC0-301F-11D3-BF4B-00C04F79EFBC}") = "AgencyApp", "AgencyApp\AgencyApp.csproj", "{7A52E36A-38AE-44AF-B782-1698CD09CC2D}"
EndProject
Global
	GlobalSection(SolutionConfigurationPlatforms) = preSolution
		Debug|Any CPU = Debug|Any CPU
		Release|Any CPU = Release|Any CPU
	EndGlobalSection
	GlobalSection(ProjectConfigurationPlatforms) = postSolution
		{7A52E36A-38AE-44AF-B782-1698CD09CC2D}.Debug|Any CPU.ActiveCfg = Debug|Any CPU
		{7A52E36A-38AE-44AF-B782-1698CD09CC2D}.Debug|Any CPU.Build.0 = Debug|Any CPU
		{7A52E36A-38AE-44AF-B782-1698CD09CC2D}.Release|Any CPU.ActiveCfg = Release|Any CPU
		{7A52E36A-38AE-44AF-B782-1698CD09CC2D}.Release|Any CPU.Build.0 = Release|Any CPU
	EndGlobalSection
	GlobalSection(SolutionProperties) = preSolution
		HideSolutionNode = FALSE
	EndGlobalSection
	GlobalSection(ExtensibilityGlobals) = postSolution
		SolutionGuid = {16483C4F-3219-4259-8469-5D3C909A3B36}
	EndGlobalSection
EndGlobal
